
Microsoft Visual Studio Solution File, Format Version 12.00
# Visual Studio Version 16
VisualStudioVersion = 16.0.28714.193
MinimumVisualStudioVersion = 10.0.40219.1
Project("{FAE04EC0-301F-11D3-BF4B-00C04F79EFBC}") = "BANYS", "BANYS.csproj", "{ACECF9A1-38B1-4A90-B0DA-774CB2103831}"
EndProject
Global
	GlobalSection(SolutionConfigurationPlatforms) = preSolution
		Debug|Any CPU = Debug|Any CPU
		Release|Any CPU = Release|Any CPU
	EndGlobalSection
	GlobalSection(ProjectConfigurationPlatforms) = postSolution
		{ACECF9A1-38B1-4A90-B0DA-774CB2103831}.Debug|Any CPU.ActiveCfg = Debug|Any CPU
		{ACECF9A1-38B1-4A90-B0DA-774CB2103831}.Debug|Any CPU.Build.0 = Debug|Any CPU
		{ACECF9A1-38B1-4A90-B0DA-774CB2103831}.Release|Any CPU.ActiveCfg = Release|Any CPU
		{ACECF9A1-38B1-4A90-B0DA-774CB2103831}.Release|Any CPU.Build.0 = Release|Any CPU
	EndGlobalSection
	GlobalSection(SolutionProperties) = preSolution
		HideSolutionNode = FALSE
	EndGlobalSection
	GlobalSection(ExtensibilityGlobals) = postSolution
		SolutionGuid = {4D771498-D576-4A8A-82F0-A9BC5BA85D25}
	EndGlobalSection
EndGlobal
