
Microsoft Visual Studio Solution File, Format Version 12.00
# Visual Studio Version 16
VisualStudioVersion = 16.0.29009.5
MinimumVisualStudioVersion = 10.0.40219.1
Project("{FAE04EC0-301F-11D3-BF4B-00C04F79EFBC}") = "PII20", "PII20.csproj", "{52997A03-A9D9-4CB5-8F42-4714A0A8D6E5}"
EndProject
Global
	GlobalSection(SolutionConfigurationPlatforms) = preSolution
		Debug|Any CPU = Debug|Any CPU
		Release|Any CPU = Release|Any CPU
	EndGlobalSection
	GlobalSection(ProjectConfigurationPlatforms) = postSolution
		{52997A03-A9D9-4CB5-8F42-4714A0A8D6E5}.Debug|Any CPU.ActiveCfg = Debug|Any CPU
		{52997A03-A9D9-4CB5-8F42-4714A0A8D6E5}.Debug|Any CPU.Build.0 = Debug|Any CPU
		{52997A03-A9D9-4CB5-8F42-4714A0A8D6E5}.Release|Any CPU.ActiveCfg = Release|Any CPU
		{52997A03-A9D9-4CB5-8F42-4714A0A8D6E5}.Release|Any CPU.Build.0 = Release|Any CPU
	EndGlobalSection
	GlobalSection(SolutionProperties) = preSolution
		HideSolutionNode = FALSE
	EndGlobalSection
	GlobalSection(ExtensibilityGlobals) = postSolution
		SolutionGuid = {B03787CC-5CE3-4555-BF44-940A92843353}
	EndGlobalSection
EndGlobal
