
Microsoft Visual Studio Solution File, Format Version 12.00
# Visual Studio Version 16
VisualStudioVersion = 16.0.28803.202
MinimumVisualStudioVersion = 10.0.40219.1
Project("{FAE04EC0-301F-11D3-BF4B-00C04F79EFBC}") = "HERELF", "HERELF.csproj", "{7731EB48-D698-488B-B1C3-0E805A64E04A}"
EndProject
Global
	GlobalSection(SolutionConfigurationPlatforms) = preSolution
		Debug|Any CPU = Debug|Any CPU
		Release|Any CPU = Release|Any CPU
	EndGlobalSection
	GlobalSection(ProjectConfigurationPlatforms) = postSolution
		{7731EB48-D698-488B-B1C3-0E805A64E04A}.Debug|Any CPU.ActiveCfg = Debug|Any CPU
		{7731EB48-D698-488B-B1C3-0E805A64E04A}.Debug|Any CPU.Build.0 = Debug|Any CPU
		{7731EB48-D698-488B-B1C3-0E805A64E04A}.Release|Any CPU.ActiveCfg = Release|Any CPU
		{7731EB48-D698-488B-B1C3-0E805A64E04A}.Release|Any CPU.Build.0 = Release|Any CPU
	EndGlobalSection
	GlobalSection(SolutionProperties) = preSolution
		HideSolutionNode = FALSE
	EndGlobalSection
	GlobalSection(ExtensibilityGlobals) = postSolution
		SolutionGuid = {55FB237D-F433-44FD-BE61-A29659651E84}
	EndGlobalSection
EndGlobal
