
Microsoft Visual Studio Solution File, Format Version 12.00
# Visual Studio Version 16
VisualStudioVersion = 16.0.28711.60
MinimumVisualStudioVersion = 10.0.40219.1
Project("{FAE04EC0-301F-11D3-BF4B-00C04F79EFBC}") = "CSUN", "CSUN.csproj", "{9F864A01-9B35-4ADB-8909-3587B592C1ED}"
EndProject
Global
	GlobalSection(SolutionConfigurationPlatforms) = preSolution
		Debug|Any CPU = Debug|Any CPU
		Release|Any CPU = Release|Any CPU
	EndGlobalSection
	GlobalSection(ProjectConfigurationPlatforms) = postSolution
		{9F864A01-9B35-4ADB-8909-3587B592C1ED}.Debug|Any CPU.ActiveCfg = Debug|Any CPU
		{9F864A01-9B35-4ADB-8909-3587B592C1ED}.Debug|Any CPU.Build.0 = Debug|Any CPU
		{9F864A01-9B35-4ADB-8909-3587B592C1ED}.Release|Any CPU.ActiveCfg = Release|Any CPU
		{9F864A01-9B35-4ADB-8909-3587B592C1ED}.Release|Any CPU.Build.0 = Release|Any CPU
	EndGlobalSection
	GlobalSection(SolutionProperties) = preSolution
		HideSolutionNode = FALSE
	EndGlobalSection
	GlobalSection(ExtensibilityGlobals) = postSolution
		SolutionGuid = {CB42407F-D4F4-4115-B200-45FCC03C2D70}
	EndGlobalSection
EndGlobal
