
Microsoft Visual Studio Solution File, Format Version 12.00
# Visual Studio Version 16
VisualStudioVersion = 16.0.29009.5
MinimumVisualStudioVersion = 10.0.40219.1
Project("{FAE04EC0-301F-11D3-BF4B-00C04F79EFBC}") = "TXCOLL", "TXCOLL.csproj", "{72F4A02F-A5CB-4626-A8E7-9D9EE5002866}"
EndProject
Global
	GlobalSection(SolutionConfigurationPlatforms) = preSolution
		Debug|Any CPU = Debug|Any CPU
		Release|Any CPU = Release|Any CPU
	EndGlobalSection
	GlobalSection(ProjectConfigurationPlatforms) = postSolution
		{72F4A02F-A5CB-4626-A8E7-9D9EE5002866}.Debug|Any CPU.ActiveCfg = Debug|Any CPU
		{72F4A02F-A5CB-4626-A8E7-9D9EE5002866}.Debug|Any CPU.Build.0 = Debug|Any CPU
		{72F4A02F-A5CB-4626-A8E7-9D9EE5002866}.Release|Any CPU.ActiveCfg = Release|Any CPU
		{72F4A02F-A5CB-4626-A8E7-9D9EE5002866}.Release|Any CPU.Build.0 = Release|Any CPU
	EndGlobalSection
	GlobalSection(SolutionProperties) = preSolution
		HideSolutionNode = FALSE
	EndGlobalSection
	GlobalSection(ExtensibilityGlobals) = postSolution
		SolutionGuid = {9C83899A-4EB8-430B-B311-6ED337488F6D}
	EndGlobalSection
EndGlobal
