
Microsoft Visual Studio Solution File, Format Version 12.00
# Visual Studio Version 16
VisualStudioVersion = 16.0.29009.5
MinimumVisualStudioVersion = 10.0.40219.1
Project("{FAE04EC0-301F-11D3-BF4B-00C04F79EFBC}") = "SPAPER", "SPAPER.csproj", "{A2C87C57-A18A-4A27-A960-9056C1838C15}"
EndProject
Global
	GlobalSection(SolutionConfigurationPlatforms) = preSolution
		Debug|Any CPU = Debug|Any CPU
		Release|Any CPU = Release|Any CPU
	EndGlobalSection
	GlobalSection(ProjectConfigurationPlatforms) = postSolution
		{A2C87C57-A18A-4A27-A960-9056C1838C15}.Debug|Any CPU.ActiveCfg = Debug|Any CPU
		{A2C87C57-A18A-4A27-A960-9056C1838C15}.Debug|Any CPU.Build.0 = Debug|Any CPU
		{A2C87C57-A18A-4A27-A960-9056C1838C15}.Release|Any CPU.ActiveCfg = Release|Any CPU
		{A2C87C57-A18A-4A27-A960-9056C1838C15}.Release|Any CPU.Build.0 = Release|Any CPU
	EndGlobalSection
	GlobalSection(SolutionProperties) = preSolution
		HideSolutionNode = FALSE
	EndGlobalSection
	GlobalSection(ExtensibilityGlobals) = postSolution
		SolutionGuid = {64F985B4-86D3-4751-87C8-01C9C62A2FB4}
	EndGlobalSection
EndGlobal
