
Microsoft Visual Studio Solution File, Format Version 12.00
# Visual Studio Version 16
VisualStudioVersion = 16.0.29009.5
MinimumVisualStudioVersion = 10.0.40219.1
Project("{FAE04EC0-301F-11D3-BF4B-00C04F79EFBC}") = "TRAPWS", "TRAPWS.csproj", "{206C2416-F9AC-4D7C-BDAB-FF537385390B}"
EndProject
Global
	GlobalSection(SolutionConfigurationPlatforms) = preSolution
		Debug|Any CPU = Debug|Any CPU
		Release|Any CPU = Release|Any CPU
	EndGlobalSection
	GlobalSection(ProjectConfigurationPlatforms) = postSolution
		{206C2416-F9AC-4D7C-BDAB-FF537385390B}.Debug|Any CPU.ActiveCfg = Debug|Any CPU
		{206C2416-F9AC-4D7C-BDAB-FF537385390B}.Debug|Any CPU.Build.0 = Debug|Any CPU
		{206C2416-F9AC-4D7C-BDAB-FF537385390B}.Release|Any CPU.ActiveCfg = Release|Any CPU
		{206C2416-F9AC-4D7C-BDAB-FF537385390B}.Release|Any CPU.Build.0 = Release|Any CPU
	EndGlobalSection
	GlobalSection(SolutionProperties) = preSolution
		HideSolutionNode = FALSE
	EndGlobalSection
	GlobalSection(ExtensibilityGlobals) = postSolution
		SolutionGuid = {A86DB1ED-2BF8-4610-AB1B-B328820127FC}
	EndGlobalSection
EndGlobal
