
Microsoft Visual Studio Solution File, Format Version 12.00
# Visual Studio Version 16
VisualStudioVersion = 16.0.28803.202
MinimumVisualStudioVersion = 10.0.40219.1
Project("{FAE04EC0-301F-11D3-BF4B-00C04F79EFBC}") = "PETALP", "PETALP.csproj", "{6F498001-42EC-4EC5-9182-E9798941D5EC}"
EndProject
Global
	GlobalSection(SolutionConfigurationPlatforms) = preSolution
		Debug|Any CPU = Debug|Any CPU
		Release|Any CPU = Release|Any CPU
	EndGlobalSection
	GlobalSection(ProjectConfigurationPlatforms) = postSolution
		{6F498001-42EC-4EC5-9182-E9798941D5EC}.Debug|Any CPU.ActiveCfg = Debug|Any CPU
		{6F498001-42EC-4EC5-9182-E9798941D5EC}.Debug|Any CPU.Build.0 = Debug|Any CPU
		{6F498001-42EC-4EC5-9182-E9798941D5EC}.Release|Any CPU.ActiveCfg = Release|Any CPU
		{6F498001-42EC-4EC5-9182-E9798941D5EC}.Release|Any CPU.Build.0 = Release|Any CPU
	EndGlobalSection
	GlobalSection(SolutionProperties) = preSolution
		HideSolutionNode = FALSE
	EndGlobalSection
	GlobalSection(ExtensibilityGlobals) = postSolution
		SolutionGuid = {3E7BE379-5843-40C8-8818-2A81BFEBCDD0}
	EndGlobalSection
EndGlobal
