
Microsoft Visual Studio Solution File, Format Version 12.00
# Visual Studio Version 16
VisualStudioVersion = 16.0.28803.202
MinimumVisualStudioVersion = 10.0.40219.1
Project("{FAE04EC0-301F-11D3-BF4B-00C04F79EFBC}") = "AWAR", "AWAR.csproj", "{9851C60C-0162-49A1-A8B8-A4A0A052EFD8}"
EndProject
Global
	GlobalSection(SolutionConfigurationPlatforms) = preSolution
		Debug|Any CPU = Debug|Any CPU
		Release|Any CPU = Release|Any CPU
	EndGlobalSection
	GlobalSection(ProjectConfigurationPlatforms) = postSolution
		{9851C60C-0162-49A1-A8B8-A4A0A052EFD8}.Debug|Any CPU.ActiveCfg = Debug|Any CPU
		{9851C60C-0162-49A1-A8B8-A4A0A052EFD8}.Debug|Any CPU.Build.0 = Debug|Any CPU
		{9851C60C-0162-49A1-A8B8-A4A0A052EFD8}.Release|Any CPU.ActiveCfg = Release|Any CPU
		{9851C60C-0162-49A1-A8B8-A4A0A052EFD8}.Release|Any CPU.Build.0 = Release|Any CPU
	EndGlobalSection
	GlobalSection(SolutionProperties) = preSolution
		HideSolutionNode = FALSE
	EndGlobalSection
	GlobalSection(ExtensibilityGlobals) = postSolution
		SolutionGuid = {F4699F00-3722-4D0C-BFD6-9623A23A6FF5}
	EndGlobalSection
EndGlobal
