
Microsoft Visual Studio Solution File, Format Version 12.00
# Visual Studio Version 16
VisualStudioVersion = 16.0.29009.5
MinimumVisualStudioVersion = 10.0.40219.1
Project("{FAE04EC0-301F-11D3-BF4B-00C04F79EFBC}") = "GOOY", "GOOY.csproj", "{2556480B-6BCC-4CE3-BD6E-5F9334DA0FC4}"
EndProject
Global
	GlobalSection(SolutionConfigurationPlatforms) = preSolution
		Debug|Any CPU = Debug|Any CPU
		Release|Any CPU = Release|Any CPU
	EndGlobalSection
	GlobalSection(ProjectConfigurationPlatforms) = postSolution
		{2556480B-6BCC-4CE3-BD6E-5F9334DA0FC4}.Debug|Any CPU.ActiveCfg = Debug|Any CPU
		{2556480B-6BCC-4CE3-BD6E-5F9334DA0FC4}.Debug|Any CPU.Build.0 = Debug|Any CPU
		{2556480B-6BCC-4CE3-BD6E-5F9334DA0FC4}.Release|Any CPU.ActiveCfg = Release|Any CPU
		{2556480B-6BCC-4CE3-BD6E-5F9334DA0FC4}.Release|Any CPU.Build.0 = Release|Any CPU
	EndGlobalSection
	GlobalSection(SolutionProperties) = preSolution
		HideSolutionNode = FALSE
	EndGlobalSection
	GlobalSection(ExtensibilityGlobals) = postSolution
		SolutionGuid = {45639E20-BC22-46C9-8989-0EA8B46962C2}
	EndGlobalSection
EndGlobal
