
Microsoft Visual Studio Solution File, Format Version 12.00
# Visual Studio Version 16
VisualStudioVersion = 16.0.28803.156
MinimumVisualStudioVersion = 10.0.40219.1
Project("{FAE04EC0-301F-11D3-BF4B-00C04F79EFBC}") = "QUANTC", "QUANTC.csproj", "{47B25458-8E34-4C2C-94A7-07B777318C28}"
EndProject
Global
	GlobalSection(SolutionConfigurationPlatforms) = preSolution
		Debug|Any CPU = Debug|Any CPU
		Release|Any CPU = Release|Any CPU
	EndGlobalSection
	GlobalSection(ProjectConfigurationPlatforms) = postSolution
		{47B25458-8E34-4C2C-94A7-07B777318C28}.Debug|Any CPU.ActiveCfg = Debug|Any CPU
		{47B25458-8E34-4C2C-94A7-07B777318C28}.Debug|Any CPU.Build.0 = Debug|Any CPU
		{47B25458-8E34-4C2C-94A7-07B777318C28}.Release|Any CPU.ActiveCfg = Release|Any CPU
		{47B25458-8E34-4C2C-94A7-07B777318C28}.Release|Any CPU.Build.0 = Release|Any CPU
	EndGlobalSection
	GlobalSection(SolutionProperties) = preSolution
		HideSolutionNode = FALSE
	EndGlobalSection
	GlobalSection(ExtensibilityGlobals) = postSolution
		SolutionGuid = {0694F2C4-2674-4B2E-95F4-97DB322A4D3F}
	EndGlobalSection
EndGlobal
