
Microsoft Visual Studio Solution File, Format Version 12.00
# Visual Studio Version 16
VisualStudioVersion = 16.0.28803.202
MinimumVisualStudioVersion = 10.0.40219.1
Project("{FAE04EC0-301F-11D3-BF4B-00C04F79EFBC}") = "FMM", "FMM.csproj", "{A13BDDD2-6E36-47B1-AC52-7C29F87BB851}"
EndProject
Global
	GlobalSection(SolutionConfigurationPlatforms) = preSolution
		Debug|Any CPU = Debug|Any CPU
		Release|Any CPU = Release|Any CPU
	EndGlobalSection
	GlobalSection(ProjectConfigurationPlatforms) = postSolution
		{A13BDDD2-6E36-47B1-AC52-7C29F87BB851}.Debug|Any CPU.ActiveCfg = Debug|Any CPU
		{A13BDDD2-6E36-47B1-AC52-7C29F87BB851}.Debug|Any CPU.Build.0 = Debug|Any CPU
		{A13BDDD2-6E36-47B1-AC52-7C29F87BB851}.Release|Any CPU.ActiveCfg = Release|Any CPU
		{A13BDDD2-6E36-47B1-AC52-7C29F87BB851}.Release|Any CPU.Build.0 = Release|Any CPU
	EndGlobalSection
	GlobalSection(SolutionProperties) = preSolution
		HideSolutionNode = FALSE
	EndGlobalSection
	GlobalSection(ExtensibilityGlobals) = postSolution
		SolutionGuid = {D10D95A8-8D3A-4ACD-B78C-426BA30B2FFB}
	EndGlobalSection
EndGlobal
