
Microsoft Visual Studio Solution File, Format Version 12.00
# Visual Studio Version 16
VisualStudioVersion = 16.0.28803.352
MinimumVisualStudioVersion = 10.0.40219.1
Project("{FAE04EC0-301F-11D3-BF4B-00C04F79EFBC}") = "RESBProgram", "RESBProgram.csproj", "{DF6C3077-8F09-4A5E-AF1D-50C476AD051E}"
EndProject
Global
	GlobalSection(SolutionConfigurationPlatforms) = preSolution
		Debug|Any CPU = Debug|Any CPU
		Release|Any CPU = Release|Any CPU
	EndGlobalSection
	GlobalSection(ProjectConfigurationPlatforms) = postSolution
		{DF6C3077-8F09-4A5E-AF1D-50C476AD051E}.Debug|Any CPU.ActiveCfg = Debug|Any CPU
		{DF6C3077-8F09-4A5E-AF1D-50C476AD051E}.Debug|Any CPU.Build.0 = Debug|Any CPU
		{DF6C3077-8F09-4A5E-AF1D-50C476AD051E}.Release|Any CPU.ActiveCfg = Release|Any CPU
		{DF6C3077-8F09-4A5E-AF1D-50C476AD051E}.Release|Any CPU.Build.0 = Release|Any CPU
	EndGlobalSection
	GlobalSection(SolutionProperties) = preSolution
		HideSolutionNode = FALSE
	EndGlobalSection
	GlobalSection(ExtensibilityGlobals) = postSolution
		SolutionGuid = {62B34214-47BE-4E5C-A2F5-926721353CE1}
	EndGlobalSection
EndGlobal
