
Microsoft Visual Studio Solution File, Format Version 12.00
# Visual Studio Version 16
VisualStudioVersion = 16.0.28721.148
MinimumVisualStudioVersion = 10.0.40219.1
Project("{FAE04EC0-301F-11D3-BF4B-00C04F79EFBC}") = "PENTG", "PENTG.csproj", "{900137F3-3267-4AD9-BBFD-9581FD20AAD6}"
EndProject
Global
	GlobalSection(SolutionConfigurationPlatforms) = preSolution
		Debug|Any CPU = Debug|Any CPU
		Release|Any CPU = Release|Any CPU
	EndGlobalSection
	GlobalSection(ProjectConfigurationPlatforms) = postSolution
		{900137F3-3267-4AD9-BBFD-9581FD20AAD6}.Debug|Any CPU.ActiveCfg = Debug|Any CPU
		{900137F3-3267-4AD9-BBFD-9581FD20AAD6}.Debug|Any CPU.Build.0 = Debug|Any CPU
		{900137F3-3267-4AD9-BBFD-9581FD20AAD6}.Release|Any CPU.ActiveCfg = Release|Any CPU
		{900137F3-3267-4AD9-BBFD-9581FD20AAD6}.Release|Any CPU.Build.0 = Release|Any CPU
	EndGlobalSection
	GlobalSection(SolutionProperties) = preSolution
		HideSolutionNode = FALSE
	EndGlobalSection
	GlobalSection(ExtensibilityGlobals) = postSolution
		SolutionGuid = {698DED44-0055-4632-8C8F-3647388BCFF5}
	EndGlobalSection
EndGlobal
