
Microsoft Visual Studio Solution File, Format Version 12.00
# Visual Studio Version 16
VisualStudioVersion = 16.0.28711.60
MinimumVisualStudioVersion = 10.0.40219.1
Project("{FAE04EC0-301F-11D3-BF4B-00C04F79EFBC}") = "GAMEB", "GAMEB.csproj", "{2BCDE645-2664-409A-85BC-79761FFED96F}"
EndProject
Global
	GlobalSection(SolutionConfigurationPlatforms) = preSolution
		Debug|Any CPU = Debug|Any CPU
		Release|Any CPU = Release|Any CPU
	EndGlobalSection
	GlobalSection(ProjectConfigurationPlatforms) = postSolution
		{2BCDE645-2664-409A-85BC-79761FFED96F}.Debug|Any CPU.ActiveCfg = Debug|Any CPU
		{2BCDE645-2664-409A-85BC-79761FFED96F}.Debug|Any CPU.Build.0 = Debug|Any CPU
		{2BCDE645-2664-409A-85BC-79761FFED96F}.Release|Any CPU.ActiveCfg = Release|Any CPU
		{2BCDE645-2664-409A-85BC-79761FFED96F}.Release|Any CPU.Build.0 = Release|Any CPU
	EndGlobalSection
	GlobalSection(SolutionProperties) = preSolution
		HideSolutionNode = FALSE
	EndGlobalSection
	GlobalSection(ExtensibilityGlobals) = postSolution
		SolutionGuid = {B7F2CE9A-F043-485B-B132-0D01A86FE318}
	EndGlobalSection
EndGlobal
