
Microsoft Visual Studio Solution File, Format Version 12.00
# Visual Studio Version 16
VisualStudioVersion = 16.0.28803.352
MinimumVisualStudioVersion = 10.0.40219.1
Project("{FAE04EC0-301F-11D3-BF4B-00C04F79EFBC}") = "BARCUT", "BARCUT.csproj", "{ADA42F63-9379-4095-94D1-738D78172A0A}"
EndProject
Global
	GlobalSection(SolutionConfigurationPlatforms) = preSolution
		Debug|Any CPU = Debug|Any CPU
		Release|Any CPU = Release|Any CPU
	EndGlobalSection
	GlobalSection(ProjectConfigurationPlatforms) = postSolution
		{ADA42F63-9379-4095-94D1-738D78172A0A}.Debug|Any CPU.ActiveCfg = Debug|Any CPU
		{ADA42F63-9379-4095-94D1-738D78172A0A}.Debug|Any CPU.Build.0 = Debug|Any CPU
		{ADA42F63-9379-4095-94D1-738D78172A0A}.Release|Any CPU.ActiveCfg = Release|Any CPU
		{ADA42F63-9379-4095-94D1-738D78172A0A}.Release|Any CPU.Build.0 = Release|Any CPU
	EndGlobalSection
	GlobalSection(SolutionProperties) = preSolution
		HideSolutionNode = FALSE
	EndGlobalSection
	GlobalSection(ExtensibilityGlobals) = postSolution
		SolutionGuid = {49C2676F-B234-4A7B-868A-365DEDC12418}
	EndGlobalSection
EndGlobal
