
Microsoft Visual Studio Solution File, Format Version 12.00
# Visual Studio Version 16
VisualStudioVersion = 16.0.28729.10
MinimumVisualStudioVersion = 10.0.40219.1
Project("{FAE04EC0-301F-11D3-BF4B-00C04F79EFBC}") = "ELESCI", "ELESCI\ELESCI.csproj", "{A2643EBB-D21A-4145-A98B-30A72E91486B}"
EndProject
Global
	GlobalSection(SolutionConfigurationPlatforms) = preSolution
		Debug|Any CPU = Debug|Any CPU
		Release|Any CPU = Release|Any CPU
	EndGlobalSection
	GlobalSection(ProjectConfigurationPlatforms) = postSolution
		{A2643EBB-D21A-4145-A98B-30A72E91486B}.Debug|Any CPU.ActiveCfg = Debug|Any CPU
		{A2643EBB-D21A-4145-A98B-30A72E91486B}.Debug|Any CPU.Build.0 = Debug|Any CPU
		{A2643EBB-D21A-4145-A98B-30A72E91486B}.Release|Any CPU.ActiveCfg = Release|Any CPU
		{A2643EBB-D21A-4145-A98B-30A72E91486B}.Release|Any CPU.Build.0 = Release|Any CPU
	EndGlobalSection
	GlobalSection(SolutionProperties) = preSolution
		HideSolutionNode = FALSE
	EndGlobalSection
	GlobalSection(ExtensibilityGlobals) = postSolution
		SolutionGuid = {52CA86C5-9489-41A6-ABA5-1E12F61AE552}
	EndGlobalSection
EndGlobal
