
Microsoft Visual Studio Solution File, Format Version 12.00
# Visual Studio Version 16
VisualStudioVersion = 16.0.28803.352
MinimumVisualStudioVersion = 10.0.40219.1
Project("{FAE04EC0-301F-11D3-BF4B-00C04F79EFBC}") = "CHERN4", "CHERN4.csproj", "{A1F85B71-7D42-4832-861E-B2A9977F2C71}"
EndProject
Global
	GlobalSection(SolutionConfigurationPlatforms) = preSolution
		Debug|Any CPU = Debug|Any CPU
		Release|Any CPU = Release|Any CPU
	EndGlobalSection
	GlobalSection(ProjectConfigurationPlatforms) = postSolution
		{A1F85B71-7D42-4832-861E-B2A9977F2C71}.Debug|Any CPU.ActiveCfg = Debug|Any CPU
		{A1F85B71-7D42-4832-861E-B2A9977F2C71}.Debug|Any CPU.Build.0 = Debug|Any CPU
		{A1F85B71-7D42-4832-861E-B2A9977F2C71}.Release|Any CPU.ActiveCfg = Release|Any CPU
		{A1F85B71-7D42-4832-861E-B2A9977F2C71}.Release|Any CPU.Build.0 = Release|Any CPU
	EndGlobalSection
	GlobalSection(SolutionProperties) = preSolution
		HideSolutionNode = FALSE
	EndGlobalSection
	GlobalSection(ExtensibilityGlobals) = postSolution
		SolutionGuid = {5B317B17-51EC-4FFF-9B16-C4104C5C4B3D}
	EndGlobalSection
EndGlobal
