
Microsoft Visual Studio Solution File, Format Version 12.00
# Visual Studio Version 16
VisualStudioVersion = 16.0.29009.5
MinimumVisualStudioVersion = 10.0.40219.1
Project("{FAE04EC0-301F-11D3-BF4B-00C04F79EFBC}") = "HNUMB", "HNUMB.csproj", "{9ED11C0A-6AEA-436C-987B-8593D00477B9}"
EndProject
Global
	GlobalSection(SolutionConfigurationPlatforms) = preSolution
		Debug|Any CPU = Debug|Any CPU
		Release|Any CPU = Release|Any CPU
	EndGlobalSection
	GlobalSection(ProjectConfigurationPlatforms) = postSolution
		{9ED11C0A-6AEA-436C-987B-8593D00477B9}.Debug|Any CPU.ActiveCfg = Debug|Any CPU
		{9ED11C0A-6AEA-436C-987B-8593D00477B9}.Debug|Any CPU.Build.0 = Debug|Any CPU
		{9ED11C0A-6AEA-436C-987B-8593D00477B9}.Release|Any CPU.ActiveCfg = Release|Any CPU
		{9ED11C0A-6AEA-436C-987B-8593D00477B9}.Release|Any CPU.Build.0 = Release|Any CPU
	EndGlobalSection
	GlobalSection(SolutionProperties) = preSolution
		HideSolutionNode = FALSE
	EndGlobalSection
	GlobalSection(ExtensibilityGlobals) = postSolution
		SolutionGuid = {0776C85E-3EF3-4AEC-B5FC-2725F6CC682B}
	EndGlobalSection
EndGlobal
