
Microsoft Visual Studio Solution File, Format Version 12.00
# Visual Studio Version 16
VisualStudioVersion = 16.0.28803.202
MinimumVisualStudioVersion = 10.0.40219.1
Project("{FAE04EC0-301F-11D3-BF4B-00C04F79EFBC}") = "BCKHOL1", "BCKHOL1.csproj", "{972201E8-AC14-48F2-B3FE-56E2AADB2351}"
EndProject
Global
	GlobalSection(SolutionConfigurationPlatforms) = preSolution
		Debug|Any CPU = Debug|Any CPU
		Release|Any CPU = Release|Any CPU
	EndGlobalSection
	GlobalSection(ProjectConfigurationPlatforms) = postSolution
		{972201E8-AC14-48F2-B3FE-56E2AADB2351}.Debug|Any CPU.ActiveCfg = Debug|Any CPU
		{972201E8-AC14-48F2-B3FE-56E2AADB2351}.Debug|Any CPU.Build.0 = Debug|Any CPU
		{972201E8-AC14-48F2-B3FE-56E2AADB2351}.Release|Any CPU.ActiveCfg = Release|Any CPU
		{972201E8-AC14-48F2-B3FE-56E2AADB2351}.Release|Any CPU.Build.0 = Release|Any CPU
	EndGlobalSection
	GlobalSection(SolutionProperties) = preSolution
		HideSolutionNode = FALSE
	EndGlobalSection
	GlobalSection(ExtensibilityGlobals) = postSolution
		SolutionGuid = {C39DC79F-12FB-41A0-892F-C104E6E7A81C}
	EndGlobalSection
EndGlobal
